
Microsoft Visual Studio Solution File, Format Version 12.00
# Visual Studio Version 17
VisualStudioVersion = 17.9.34622.214
MinimumVisualStudioVersion = 10.0.40219.1
Project("{FAE04EC0-301F-11D3-BF4B-00C04F79EFBC}") = "lr2", "lr2\lr2.csproj", "{6AD210F8-4CF7-4358-B0B9-2CDFFFA83988}"
EndProject
Project("{FAE04EC0-301F-11D3-BF4B-00C04F79EFBC}") = "Tests", "TestField\Tests.csproj", "{8E98524B-86B3-4FCA-AB08-482B70C916AB}"
EndProject
Global
	GlobalSection(SolutionConfigurationPlatforms) = preSolution
		Debug|Any CPU = Debug|Any CPU
		Release|Any CPU = Release|Any CPU
	EndGlobalSection
	GlobalSection(ProjectConfigurationPlatforms) = postSolution
		{6AD210F8-4CF7-4358-B0B9-2CDFFFA83988}.Debug|Any CPU.ActiveCfg = Debug|Any CPU
		{6AD210F8-4CF7-4358-B0B9-2CDFFFA83988}.Debug|Any CPU.Build.0 = Debug|Any CPU
		{6AD210F8-4CF7-4358-B0B9-2CDFFFA83988}.Release|Any CPU.ActiveCfg = Release|Any CPU
		{6AD210F8-4CF7-4358-B0B9-2CDFFFA83988}.Release|Any CPU.Build.0 = Release|Any CPU
		{8E98524B-86B3-4FCA-AB08-482B70C916AB}.Debug|Any CPU.ActiveCfg = Debug|Any CPU
		{8E98524B-86B3-4FCA-AB08-482B70C916AB}.Debug|Any CPU.Build.0 = Debug|Any CPU
		{8E98524B-86B3-4FCA-AB08-482B70C916AB}.Release|Any CPU.ActiveCfg = Release|Any CPU
		{8E98524B-86B3-4FCA-AB08-482B70C916AB}.Release|Any CPU.Build.0 = Release|Any CPU
	EndGlobalSection
	GlobalSection(SolutionProperties) = preSolution
		HideSolutionNode = FALSE
	EndGlobalSection
	GlobalSection(ExtensibilityGlobals) = postSolution
		SolutionGuid = {8F4F5603-4C7A-44F0-8CB0-EE18394E0EA8}
	EndGlobalSection
EndGlobal
